
Microsoft Visual Studio Solution File, Format Version 12.00
# Visual Studio Version 17
VisualStudioVersion = 17.6.33829.357
MinimumVisualStudioVersion = 10.0.40219.1
Project("{9A19103F-16F7-4668-BE54-9A1E7A4F7556}") = "first-attempt", "first-attempt\first-attempt.csproj", "{AE3D51B6-AF80-49AD-8144-87607780ADFC}"
EndProject
Project("{9A19103F-16F7-4668-BE54-9A1E7A4F7556}") = "keyboard-hook-test", "keyboard-hook-test\keyboard-hook-test.csproj", "{5A6BB273-132A-4784-9338-CDEFF4F982A8}"
EndProject
Project("{FAE04EC0-301F-11D3-BF4B-00C04F79EFBC}") = "button-test", "button-test\button-test.csproj", "{277F120B-FCA7-46AF-AD59-10D3792561EE}"
EndProject
Global
	GlobalSection(SolutionConfigurationPlatforms) = preSolution
		Debug|Any CPU = Debug|Any CPU
		Release|Any CPU = Release|Any CPU
	EndGlobalSection
	GlobalSection(ProjectConfigurationPlatforms) = postSolution
		{AE3D51B6-AF80-49AD-8144-87607780ADFC}.Debug|Any CPU.ActiveCfg = Debug|Any CPU
		{AE3D51B6-AF80-49AD-8144-87607780ADFC}.Debug|Any CPU.Build.0 = Debug|Any CPU
		{AE3D51B6-AF80-49AD-8144-87607780ADFC}.Release|Any CPU.ActiveCfg = Release|Any CPU
		{AE3D51B6-AF80-49AD-8144-87607780ADFC}.Release|Any CPU.Build.0 = Release|Any CPU
		{5A6BB273-132A-4784-9338-CDEFF4F982A8}.Debug|Any CPU.ActiveCfg = Debug|Any CPU
		{5A6BB273-132A-4784-9338-CDEFF4F982A8}.Debug|Any CPU.Build.0 = Debug|Any CPU
		{5A6BB273-132A-4784-9338-CDEFF4F982A8}.Release|Any CPU.ActiveCfg = Release|Any CPU
		{5A6BB273-132A-4784-9338-CDEFF4F982A8}.Release|Any CPU.Build.0 = Release|Any CPU
		{277F120B-FCA7-46AF-AD59-10D3792561EE}.Debug|Any CPU.ActiveCfg = Debug|Any CPU
		{277F120B-FCA7-46AF-AD59-10D3792561EE}.Debug|Any CPU.Build.0 = Debug|Any CPU
		{277F120B-FCA7-46AF-AD59-10D3792561EE}.Release|Any CPU.ActiveCfg = Release|Any CPU
		{277F120B-FCA7-46AF-AD59-10D3792561EE}.Release|Any CPU.Build.0 = Release|Any CPU
	EndGlobalSection
	GlobalSection(SolutionProperties) = preSolution
		HideSolutionNode = FALSE
	EndGlobalSection
	GlobalSection(ExtensibilityGlobals) = postSolution
		SolutionGuid = {73CCB999-87E2-4D82-80C9-CD433DCFA511}
	EndGlobalSection
EndGlobal
