
Microsoft Visual Studio Solution File, Format Version 12.00
# Visual Studio Version 17
VisualStudioVersion = 17.6.33829.357
MinimumVisualStudioVersion = 10.0.40219.1
Project("{9A19103F-16F7-4668-BE54-9A1E7A4F7556}") = "Lab1", "Lab1\Lab1.csproj", "{4FD781A7-1817-402E-8F40-243A6B06424C}"
EndProject
Project("{9A19103F-16F7-4668-BE54-9A1E7A4F7556}") = "Q1", "Q1\Q1.csproj", "{CFF2128A-36F8-4281-9C5C-40C66758ACDA}"
EndProject
Project("{9A19103F-16F7-4668-BE54-9A1E7A4F7556}") = "Q2", "Q2\Q2.csproj", "{A053122E-AB66-4880-8EF3-9B5D9D10264D}"
EndProject
Project("{9A19103F-16F7-4668-BE54-9A1E7A4F7556}") = "Q3", "Q3\Q3.csproj", "{1AD3557D-1F84-4251-BDF2-1BC28FEAAC58}"
EndProject
Project("{9A19103F-16F7-4668-BE54-9A1E7A4F7556}") = "Q4", "Q4\Q4.csproj", "{60F392C7-D6EE-4F05-BB63-CF89FF64ABCC}"
EndProject
Project("{9A19103F-16F7-4668-BE54-9A1E7A4F7556}") = "Q5", "Q5\Q5.csproj", "{783113FA-7F5F-4226-B27B-CF65B87ECFEF}"
EndProject
Project("{FAE04EC0-301F-11D3-BF4B-00C04F79EFBC}") = "Bonus", "Bonus\Bonus.csproj", "{1AED2435-7F66-48B8-8042-5022B73062A8}"
EndProject
Global
	GlobalSection(SolutionConfigurationPlatforms) = preSolution
		Debug|Any CPU = Debug|Any CPU
		Release|Any CPU = Release|Any CPU
	EndGlobalSection
	GlobalSection(ProjectConfigurationPlatforms) = postSolution
		{4FD781A7-1817-402E-8F40-243A6B06424C}.Debug|Any CPU.ActiveCfg = Debug|Any CPU
		{4FD781A7-1817-402E-8F40-243A6B06424C}.Debug|Any CPU.Build.0 = Debug|Any CPU
		{4FD781A7-1817-402E-8F40-243A6B06424C}.Release|Any CPU.ActiveCfg = Release|Any CPU
		{4FD781A7-1817-402E-8F40-243A6B06424C}.Release|Any CPU.Build.0 = Release|Any CPU
		{CFF2128A-36F8-4281-9C5C-40C66758ACDA}.Debug|Any CPU.ActiveCfg = Debug|Any CPU
		{CFF2128A-36F8-4281-9C5C-40C66758ACDA}.Debug|Any CPU.Build.0 = Debug|Any CPU
		{CFF2128A-36F8-4281-9C5C-40C66758ACDA}.Release|Any CPU.ActiveCfg = Release|Any CPU
		{CFF2128A-36F8-4281-9C5C-40C66758ACDA}.Release|Any CPU.Build.0 = Release|Any CPU
		{A053122E-AB66-4880-8EF3-9B5D9D10264D}.Debug|Any CPU.ActiveCfg = Debug|Any CPU
		{A053122E-AB66-4880-8EF3-9B5D9D10264D}.Debug|Any CPU.Build.0 = Debug|Any CPU
		{A053122E-AB66-4880-8EF3-9B5D9D10264D}.Release|Any CPU.ActiveCfg = Release|Any CPU
		{A053122E-AB66-4880-8EF3-9B5D9D10264D}.Release|Any CPU.Build.0 = Release|Any CPU
		{1AD3557D-1F84-4251-BDF2-1BC28FEAAC58}.Debug|Any CPU.ActiveCfg = Debug|Any CPU
		{1AD3557D-1F84-4251-BDF2-1BC28FEAAC58}.Debug|Any CPU.Build.0 = Debug|Any CPU
		{1AD3557D-1F84-4251-BDF2-1BC28FEAAC58}.Release|Any CPU.ActiveCfg = Release|Any CPU
		{1AD3557D-1F84-4251-BDF2-1BC28FEAAC58}.Release|Any CPU.Build.0 = Release|Any CPU
		{60F392C7-D6EE-4F05-BB63-CF89FF64ABCC}.Debug|Any CPU.ActiveCfg = Debug|Any CPU
		{60F392C7-D6EE-4F05-BB63-CF89FF64ABCC}.Debug|Any CPU.Build.0 = Debug|Any CPU
		{60F392C7-D6EE-4F05-BB63-CF89FF64ABCC}.Release|Any CPU.ActiveCfg = Release|Any CPU
		{60F392C7-D6EE-4F05-BB63-CF89FF64ABCC}.Release|Any CPU.Build.0 = Release|Any CPU
		{783113FA-7F5F-4226-B27B-CF65B87ECFEF}.Debug|Any CPU.ActiveCfg = Debug|Any CPU
		{783113FA-7F5F-4226-B27B-CF65B87ECFEF}.Debug|Any CPU.Build.0 = Debug|Any CPU
		{783113FA-7F5F-4226-B27B-CF65B87ECFEF}.Release|Any CPU.ActiveCfg = Release|Any CPU
		{783113FA-7F5F-4226-B27B-CF65B87ECFEF}.Release|Any CPU.Build.0 = Release|Any CPU
		{1AED2435-7F66-48B8-8042-5022B73062A8}.Debug|Any CPU.ActiveCfg = Debug|Any CPU
		{1AED2435-7F66-48B8-8042-5022B73062A8}.Debug|Any CPU.Build.0 = Debug|Any CPU
		{1AED2435-7F66-48B8-8042-5022B73062A8}.Release|Any CPU.ActiveCfg = Release|Any CPU
		{1AED2435-7F66-48B8-8042-5022B73062A8}.Release|Any CPU.Build.0 = Release|Any CPU
	EndGlobalSection
	GlobalSection(SolutionProperties) = preSolution
		HideSolutionNode = FALSE
	EndGlobalSection
	GlobalSection(ExtensibilityGlobals) = postSolution
		SolutionGuid = {C2CC5816-157B-4500-B955-85DF86BCAAB7}
	EndGlobalSection
EndGlobal
