
Microsoft Visual Studio Solution File, Format Version 12.00
# Visual Studio Version 17
VisualStudioVersion = 17.2.32519.379
MinimumVisualStudioVersion = 10.0.40219.1
Project("{9A19103F-16F7-4668-BE54-9A1E7A4F7556}") = "Lab12", "Lab12\Lab12.csproj", "{AFC4CA4D-FDEB-46B6-83F1-523EB536A47D}"
EndProject
Project("{9A19103F-16F7-4668-BE54-9A1E7A4F7556}") = "Lab12Q1", "Lab12Q1\Lab12Q1.csproj", "{04FD4DB6-297F-4C09-BD8F-E53C54351ADF}"
EndProject
Project("{FAE04EC0-301F-11D3-BF4B-00C04F79EFBC}") = "Lab12Q2", "Lab12Q2\Lab12Q2.csproj", "{B62A189A-FAC2-4646-9E4A-83A814B7A0E7}"
EndProject
Project("{FAE04EC0-301F-11D3-BF4B-00C04F79EFBC}") = "Lab12Q2v2", "Lab12Q2v2\Lab12Q2v2.csproj", "{567A7E0A-6E52-4492-B1A1-D2B94F3BB1AA}"
EndProject
Project("{FAE04EC0-301F-11D3-BF4B-00C04F79EFBC}") = "Lab12Q3", "Lab12Q3\Lab12Q3.csproj", "{8D5BE955-821B-4847-A8EB-09F7972F9F79}"
EndProject
Project("{FAE04EC0-301F-11D3-BF4B-00C04F79EFBC}") = "Lab12Q4", "Lab12Q4\Lab12Q4.csproj", "{BE240057-C62E-4B2E-B7C2-83559BDB1EFA}"
EndProject
Global
	GlobalSection(SolutionConfigurationPlatforms) = preSolution
		Debug|Any CPU = Debug|Any CPU
		Release|Any CPU = Release|Any CPU
	EndGlobalSection
	GlobalSection(ProjectConfigurationPlatforms) = postSolution
		{AFC4CA4D-FDEB-46B6-83F1-523EB536A47D}.Debug|Any CPU.ActiveCfg = Debug|Any CPU
		{AFC4CA4D-FDEB-46B6-83F1-523EB536A47D}.Debug|Any CPU.Build.0 = Debug|Any CPU
		{AFC4CA4D-FDEB-46B6-83F1-523EB536A47D}.Release|Any CPU.ActiveCfg = Release|Any CPU
		{AFC4CA4D-FDEB-46B6-83F1-523EB536A47D}.Release|Any CPU.Build.0 = Release|Any CPU
		{04FD4DB6-297F-4C09-BD8F-E53C54351ADF}.Debug|Any CPU.ActiveCfg = Debug|Any CPU
		{04FD4DB6-297F-4C09-BD8F-E53C54351ADF}.Debug|Any CPU.Build.0 = Debug|Any CPU
		{04FD4DB6-297F-4C09-BD8F-E53C54351ADF}.Release|Any CPU.ActiveCfg = Release|Any CPU
		{04FD4DB6-297F-4C09-BD8F-E53C54351ADF}.Release|Any CPU.Build.0 = Release|Any CPU
		{B62A189A-FAC2-4646-9E4A-83A814B7A0E7}.Debug|Any CPU.ActiveCfg = Debug|Any CPU
		{B62A189A-FAC2-4646-9E4A-83A814B7A0E7}.Debug|Any CPU.Build.0 = Debug|Any CPU
		{B62A189A-FAC2-4646-9E4A-83A814B7A0E7}.Release|Any CPU.ActiveCfg = Release|Any CPU
		{B62A189A-FAC2-4646-9E4A-83A814B7A0E7}.Release|Any CPU.Build.0 = Release|Any CPU
		{567A7E0A-6E52-4492-B1A1-D2B94F3BB1AA}.Debug|Any CPU.ActiveCfg = Debug|Any CPU
		{567A7E0A-6E52-4492-B1A1-D2B94F3BB1AA}.Debug|Any CPU.Build.0 = Debug|Any CPU
		{567A7E0A-6E52-4492-B1A1-D2B94F3BB1AA}.Release|Any CPU.ActiveCfg = Release|Any CPU
		{567A7E0A-6E52-4492-B1A1-D2B94F3BB1AA}.Release|Any CPU.Build.0 = Release|Any CPU
		{8D5BE955-821B-4847-A8EB-09F7972F9F79}.Debug|Any CPU.ActiveCfg = Debug|Any CPU
		{8D5BE955-821B-4847-A8EB-09F7972F9F79}.Debug|Any CPU.Build.0 = Debug|Any CPU
		{8D5BE955-821B-4847-A8EB-09F7972F9F79}.Release|Any CPU.ActiveCfg = Release|Any CPU
		{8D5BE955-821B-4847-A8EB-09F7972F9F79}.Release|Any CPU.Build.0 = Release|Any CPU
		{BE240057-C62E-4B2E-B7C2-83559BDB1EFA}.Debug|Any CPU.ActiveCfg = Debug|Any CPU
		{BE240057-C62E-4B2E-B7C2-83559BDB1EFA}.Debug|Any CPU.Build.0 = Debug|Any CPU
		{BE240057-C62E-4B2E-B7C2-83559BDB1EFA}.Release|Any CPU.ActiveCfg = Release|Any CPU
		{BE240057-C62E-4B2E-B7C2-83559BDB1EFA}.Release|Any CPU.Build.0 = Release|Any CPU
	EndGlobalSection
	GlobalSection(SolutionProperties) = preSolution
		HideSolutionNode = FALSE
	EndGlobalSection
	GlobalSection(ExtensibilityGlobals) = postSolution
		SolutionGuid = {213B95D6-67FC-4CA4-9761-F8D39F0CABEB}
	EndGlobalSection
EndGlobal
