
Microsoft Visual Studio Solution File, Format Version 12.00
# Visual Studio Version 17
VisualStudioVersion = 17.2.32519.379
MinimumVisualStudioVersion = 10.0.40219.1
Project("{9A19103F-16F7-4668-BE54-9A1E7A4F7556}") = "Lab6", "Lab6.csproj", "{1741FB4F-1E0A-4C55-8E80-5131607D930D}"
EndProject
Project("{9A19103F-16F7-4668-BE54-9A1E7A4F7556}") = "Lab6Q1", "..\Lab6Q1\Lab6Q1.csproj", "{5E9B58A1-DFFE-48EB-BE6F-85991A72ABB4}"
EndProject
Project("{9A19103F-16F7-4668-BE54-9A1E7A4F7556}") = "Lab6Q2", "..\Lab6Q2\Lab6Q2.csproj", "{D4270D19-DFEB-4B67-8FD2-32A59E17B1E9}"
EndProject
Project("{9A19103F-16F7-4668-BE54-9A1E7A4F7556}") = "Lab6Q3v2", "..\Lab6Q3v2\Lab6Q3v2.csproj", "{9B6B0B8E-8FE6-4DD3-BA45-2606E151F979}"
EndProject
Project("{9A19103F-16F7-4668-BE54-9A1E7A4F7556}") = "Lab6Q4", "..\Lab6Q4\Lab6Q4.csproj", "{CB4667BF-4F8A-4DC6-80C5-2EC237619D51}"
EndProject
Project("{9A19103F-16F7-4668-BE54-9A1E7A4F7556}") = "Lab6Q5", "..\Lab6Q5\Lab6Q5.csproj", "{4EB4A7B2-CC48-4092-8F2F-1CE4C136E19A}"
EndProject
Project("{FAE04EC0-301F-11D3-BF4B-00C04F79EFBC}") = "Lab6Q6", "..\Lab6Q6\Lab6Q6.csproj", "{09F7FCAB-6999-4A64-B5EB-AC7F2C785C32}"
EndProject
Project("{FAE04EC0-301F-11D3-BF4B-00C04F79EFBC}") = "Lab6Q7", "..\Lab6Q7\Lab6Q7.csproj", "{8EBA126F-0E80-46F4-A393-9A54D507EE51}"
EndProject
Global
	GlobalSection(SolutionConfigurationPlatforms) = preSolution
		Debug|Any CPU = Debug|Any CPU
		Release|Any CPU = Release|Any CPU
	EndGlobalSection
	GlobalSection(ProjectConfigurationPlatforms) = postSolution
		{1741FB4F-1E0A-4C55-8E80-5131607D930D}.Debug|Any CPU.ActiveCfg = Debug|Any CPU
		{1741FB4F-1E0A-4C55-8E80-5131607D930D}.Debug|Any CPU.Build.0 = Debug|Any CPU
		{1741FB4F-1E0A-4C55-8E80-5131607D930D}.Release|Any CPU.ActiveCfg = Release|Any CPU
		{1741FB4F-1E0A-4C55-8E80-5131607D930D}.Release|Any CPU.Build.0 = Release|Any CPU
		{5E9B58A1-DFFE-48EB-BE6F-85991A72ABB4}.Debug|Any CPU.ActiveCfg = Debug|Any CPU
		{5E9B58A1-DFFE-48EB-BE6F-85991A72ABB4}.Debug|Any CPU.Build.0 = Debug|Any CPU
		{5E9B58A1-DFFE-48EB-BE6F-85991A72ABB4}.Release|Any CPU.ActiveCfg = Release|Any CPU
		{5E9B58A1-DFFE-48EB-BE6F-85991A72ABB4}.Release|Any CPU.Build.0 = Release|Any CPU
		{D4270D19-DFEB-4B67-8FD2-32A59E17B1E9}.Debug|Any CPU.ActiveCfg = Debug|Any CPU
		{D4270D19-DFEB-4B67-8FD2-32A59E17B1E9}.Debug|Any CPU.Build.0 = Debug|Any CPU
		{D4270D19-DFEB-4B67-8FD2-32A59E17B1E9}.Release|Any CPU.ActiveCfg = Release|Any CPU
		{D4270D19-DFEB-4B67-8FD2-32A59E17B1E9}.Release|Any CPU.Build.0 = Release|Any CPU
		{9B6B0B8E-8FE6-4DD3-BA45-2606E151F979}.Debug|Any CPU.ActiveCfg = Debug|Any CPU
		{9B6B0B8E-8FE6-4DD3-BA45-2606E151F979}.Debug|Any CPU.Build.0 = Debug|Any CPU
		{9B6B0B8E-8FE6-4DD3-BA45-2606E151F979}.Release|Any CPU.ActiveCfg = Release|Any CPU
		{9B6B0B8E-8FE6-4DD3-BA45-2606E151F979}.Release|Any CPU.Build.0 = Release|Any CPU
		{CB4667BF-4F8A-4DC6-80C5-2EC237619D51}.Debug|Any CPU.ActiveCfg = Debug|Any CPU
		{CB4667BF-4F8A-4DC6-80C5-2EC237619D51}.Debug|Any CPU.Build.0 = Debug|Any CPU
		{CB4667BF-4F8A-4DC6-80C5-2EC237619D51}.Release|Any CPU.ActiveCfg = Release|Any CPU
		{CB4667BF-4F8A-4DC6-80C5-2EC237619D51}.Release|Any CPU.Build.0 = Release|Any CPU
		{4EB4A7B2-CC48-4092-8F2F-1CE4C136E19A}.Debug|Any CPU.ActiveCfg = Debug|Any CPU
		{4EB4A7B2-CC48-4092-8F2F-1CE4C136E19A}.Debug|Any CPU.Build.0 = Debug|Any CPU
		{4EB4A7B2-CC48-4092-8F2F-1CE4C136E19A}.Release|Any CPU.ActiveCfg = Release|Any CPU
		{4EB4A7B2-CC48-4092-8F2F-1CE4C136E19A}.Release|Any CPU.Build.0 = Release|Any CPU
		{09F7FCAB-6999-4A64-B5EB-AC7F2C785C32}.Debug|Any CPU.ActiveCfg = Debug|Any CPU
		{09F7FCAB-6999-4A64-B5EB-AC7F2C785C32}.Debug|Any CPU.Build.0 = Debug|Any CPU
		{09F7FCAB-6999-4A64-B5EB-AC7F2C785C32}.Release|Any CPU.ActiveCfg = Release|Any CPU
		{09F7FCAB-6999-4A64-B5EB-AC7F2C785C32}.Release|Any CPU.Build.0 = Release|Any CPU
		{8EBA126F-0E80-46F4-A393-9A54D507EE51}.Debug|Any CPU.ActiveCfg = Debug|Any CPU
		{8EBA126F-0E80-46F4-A393-9A54D507EE51}.Debug|Any CPU.Build.0 = Debug|Any CPU
		{8EBA126F-0E80-46F4-A393-9A54D507EE51}.Release|Any CPU.ActiveCfg = Release|Any CPU
		{8EBA126F-0E80-46F4-A393-9A54D507EE51}.Release|Any CPU.Build.0 = Release|Any CPU
	EndGlobalSection
	GlobalSection(SolutionProperties) = preSolution
		HideSolutionNode = FALSE
	EndGlobalSection
	GlobalSection(ExtensibilityGlobals) = postSolution
		SolutionGuid = {AF481BA3-8E2D-49E6-9E65-67BA12EAB4BB}
	EndGlobalSection
EndGlobal
