
Microsoft Visual Studio Solution File, Format Version 12.00
# Visual Studio Version 17
VisualStudioVersion = 17.7.34031.279
MinimumVisualStudioVersion = 10.0.40219.1
Project("{FAE04EC0-301F-11D3-BF4B-00C04F79EFBC}") = "CA1", "CA1\CA1.csproj", "{F4740FD4-498E-4D98-A9F5-40F1C196DA3C}"
EndProject
Global
	GlobalSection(SolutionConfigurationPlatforms) = preSolution
		Debug|Any CPU = Debug|Any CPU
		Release|Any CPU = Release|Any CPU
	EndGlobalSection
	GlobalSection(ProjectConfigurationPlatforms) = postSolution
		{F4740FD4-498E-4D98-A9F5-40F1C196DA3C}.Debug|Any CPU.ActiveCfg = Debug|Any CPU
		{F4740FD4-498E-4D98-A9F5-40F1C196DA3C}.Debug|Any CPU.Build.0 = Debug|Any CPU
		{F4740FD4-498E-4D98-A9F5-40F1C196DA3C}.Release|Any CPU.ActiveCfg = Release|Any CPU
		{F4740FD4-498E-4D98-A9F5-40F1C196DA3C}.Release|Any CPU.Build.0 = Release|Any CPU
	EndGlobalSection
	GlobalSection(SolutionProperties) = preSolution
		HideSolutionNode = FALSE
	EndGlobalSection
	GlobalSection(ExtensibilityGlobals) = postSolution
		SolutionGuid = {33946696-FB68-4005-8200-0CE34D98AC24}
	EndGlobalSection
EndGlobal
