
Microsoft Visual Studio Solution File, Format Version 12.00
# Visual Studio Version 17
VisualStudioVersion = 17.10.34916.146
MinimumVisualStudioVersion = 10.0.40219.1
Project("{FAE04EC0-301F-11D3-BF4B-00C04F79EFBC}") = "ConsoleApp1", "ConsoleApp1\ConsoleApp1.csproj", "{1031D980-473C-4233-A653-192160289EDB}"
EndProject
Global
	GlobalSection(SolutionConfigurationPlatforms) = preSolution
		Debug|Any CPU = Debug|Any CPU
		Release|Any CPU = Release|Any CPU
	EndGlobalSection
	GlobalSection(ProjectConfigurationPlatforms) = postSolution
		{1031D980-473C-4233-A653-192160289EDB}.Debug|Any CPU.ActiveCfg = Debug|Any CPU
		{1031D980-473C-4233-A653-192160289EDB}.Debug|Any CPU.Build.0 = Debug|Any CPU
		{1031D980-473C-4233-A653-192160289EDB}.Release|Any CPU.ActiveCfg = Release|Any CPU
		{1031D980-473C-4233-A653-192160289EDB}.Release|Any CPU.Build.0 = Release|Any CPU
	EndGlobalSection
	GlobalSection(SolutionProperties) = preSolution
		HideSolutionNode = FALSE
	EndGlobalSection
	GlobalSection(ExtensibilityGlobals) = postSolution
		SolutionGuid = {731995BE-5BEE-44BF-899C-7FA11EED2A34}
	EndGlobalSection
EndGlobal
