
Microsoft Visual Studio Solution File, Format Version 12.00
# Visual Studio Version 17
VisualStudioVersion = 17.2.32519.379
MinimumVisualStudioVersion = 10.0.40219.1
Project("{FAE04EC0-301F-11D3-BF4B-00C04F79EFBC}") = "Lab13", "Lab13.csproj", "{BB74F98E-0482-4BDE-98C5-CA5DC455A754}"
EndProject
Project("{FAE04EC0-301F-11D3-BF4B-00C04F79EFBC}") = "Lab13Q1", "..\Lab13Q1\Lab13Q1.csproj", "{913E15CA-7724-4336-8EA6-259FFD0EFF40}"
EndProject
Global
	GlobalSection(SolutionConfigurationPlatforms) = preSolution
		Debug|Any CPU = Debug|Any CPU
		Release|Any CPU = Release|Any CPU
	EndGlobalSection
	GlobalSection(ProjectConfigurationPlatforms) = postSolution
		{BB74F98E-0482-4BDE-98C5-CA5DC455A754}.Debug|Any CPU.ActiveCfg = Debug|Any CPU
		{BB74F98E-0482-4BDE-98C5-CA5DC455A754}.Debug|Any CPU.Build.0 = Debug|Any CPU
		{BB74F98E-0482-4BDE-98C5-CA5DC455A754}.Release|Any CPU.ActiveCfg = Release|Any CPU
		{BB74F98E-0482-4BDE-98C5-CA5DC455A754}.Release|Any CPU.Build.0 = Release|Any CPU
		{913E15CA-7724-4336-8EA6-259FFD0EFF40}.Debug|Any CPU.ActiveCfg = Debug|Any CPU
		{913E15CA-7724-4336-8EA6-259FFD0EFF40}.Debug|Any CPU.Build.0 = Debug|Any CPU
		{913E15CA-7724-4336-8EA6-259FFD0EFF40}.Release|Any CPU.ActiveCfg = Release|Any CPU
		{913E15CA-7724-4336-8EA6-259FFD0EFF40}.Release|Any CPU.Build.0 = Release|Any CPU
	EndGlobalSection
	GlobalSection(SolutionProperties) = preSolution
		HideSolutionNode = FALSE
	EndGlobalSection
	GlobalSection(ExtensibilityGlobals) = postSolution
		SolutionGuid = {AFA7C5E1-80C2-4049-A06C-9F01D62E42EE}
	EndGlobalSection
EndGlobal
