
Microsoft Visual Studio Solution File, Format Version 12.00
# Visual Studio Version 17
VisualStudioVersion = 17.6.33829.357
MinimumVisualStudioVersion = 10.0.40219.1
Project("{9A19103F-16F7-4668-BE54-9A1E7A4F7556}") = "BlazorApp-empty1", "BlazorApp-empty1\BlazorApp-empty1.csproj", "{7E4DE885-758F-45BE-A841-0D12D4BCB9CA}"
EndProject
Global
	GlobalSection(SolutionConfigurationPlatforms) = preSolution
		Debug|Any CPU = Debug|Any CPU
		Release|Any CPU = Release|Any CPU
	EndGlobalSection
	GlobalSection(ProjectConfigurationPlatforms) = postSolution
		{7E4DE885-758F-45BE-A841-0D12D4BCB9CA}.Debug|Any CPU.ActiveCfg = Debug|Any CPU
		{7E4DE885-758F-45BE-A841-0D12D4BCB9CA}.Debug|Any CPU.Build.0 = Debug|Any CPU
		{7E4DE885-758F-45BE-A841-0D12D4BCB9CA}.Release|Any CPU.ActiveCfg = Release|Any CPU
		{7E4DE885-758F-45BE-A841-0D12D4BCB9CA}.Release|Any CPU.Build.0 = Release|Any CPU
	EndGlobalSection
	GlobalSection(SolutionProperties) = preSolution
		HideSolutionNode = FALSE
	EndGlobalSection
	GlobalSection(ExtensibilityGlobals) = postSolution
		SolutionGuid = {0FF857B9-208F-4055-BF28-29F0BC8CBEA8}
	EndGlobalSection
EndGlobal
