
Microsoft Visual Studio Solution File, Format Version 12.00
# Visual Studio Version 17
VisualStudioVersion = 17.10.34916.146
MinimumVisualStudioVersion = 10.0.40219.1
Project("{FAE04EC0-301F-11D3-BF4B-00C04F79EFBC}") = "StudentClassLibrary", "StudentClassLibrary\StudentClassLibrary.csproj", "{0D5B1DCA-4DA3-475D-9995-07FB37F945A9}"
EndProject
Project("{FAE04EC0-301F-11D3-BF4B-00C04F79EFBC}") = "StudentConsoleApp", "StudentConsoleApp\StudentConsoleApp.csproj", "{7AB6AFC9-9E50-46EF-A0C4-3FBF5FA62FAF}"
EndProject
Project("{FAE04EC0-301F-11D3-BF4B-00C04F79EFBC}") = "StudentMvcApp", "StudentMvcApp\StudentMvcApp.csproj", "{08AD72ED-18CE-44D6-918F-5EAF9EBE4106}"
EndProject
Global
	GlobalSection(SolutionConfigurationPlatforms) = preSolution
		Debug|Any CPU = Debug|Any CPU
		Release|Any CPU = Release|Any CPU
	EndGlobalSection
	GlobalSection(ProjectConfigurationPlatforms) = postSolution
		{0D5B1DCA-4DA3-475D-9995-07FB37F945A9}.Debug|Any CPU.ActiveCfg = Debug|Any CPU
		{0D5B1DCA-4DA3-475D-9995-07FB37F945A9}.Debug|Any CPU.Build.0 = Debug|Any CPU
		{0D5B1DCA-4DA3-475D-9995-07FB37F945A9}.Release|Any CPU.ActiveCfg = Release|Any CPU
		{0D5B1DCA-4DA3-475D-9995-07FB37F945A9}.Release|Any CPU.Build.0 = Release|Any CPU
		{7AB6AFC9-9E50-46EF-A0C4-3FBF5FA62FAF}.Debug|Any CPU.ActiveCfg = Debug|Any CPU
		{7AB6AFC9-9E50-46EF-A0C4-3FBF5FA62FAF}.Debug|Any CPU.Build.0 = Debug|Any CPU
		{7AB6AFC9-9E50-46EF-A0C4-3FBF5FA62FAF}.Release|Any CPU.ActiveCfg = Release|Any CPU
		{7AB6AFC9-9E50-46EF-A0C4-3FBF5FA62FAF}.Release|Any CPU.Build.0 = Release|Any CPU
		{08AD72ED-18CE-44D6-918F-5EAF9EBE4106}.Debug|Any CPU.ActiveCfg = Debug|Any CPU
		{08AD72ED-18CE-44D6-918F-5EAF9EBE4106}.Debug|Any CPU.Build.0 = Debug|Any CPU
		{08AD72ED-18CE-44D6-918F-5EAF9EBE4106}.Release|Any CPU.ActiveCfg = Release|Any CPU
		{08AD72ED-18CE-44D6-918F-5EAF9EBE4106}.Release|Any CPU.Build.0 = Release|Any CPU
	EndGlobalSection
	GlobalSection(SolutionProperties) = preSolution
		HideSolutionNode = FALSE
	EndGlobalSection
	GlobalSection(ExtensibilityGlobals) = postSolution
		SolutionGuid = {E8377743-20ED-4B78-9034-75ECF400D004}
	EndGlobalSection
EndGlobal
