
Microsoft Visual Studio Solution File, Format Version 12.00
# Visual Studio Version 17
VisualStudioVersion = 17.8.34316.72
MinimumVisualStudioVersion = 10.0.40219.1
Project("{9A19103F-16F7-4668-BE54-9A1E7A4F7556}") = "q1", "q1\q1.csproj", "{6792372B-3693-4CDE-A2F0-04BA6D33E2A3}"
EndProject
Project("{9A19103F-16F7-4668-BE54-9A1E7A4F7556}") = "q1-tests", "q1-tests\q1-tests.csproj", "{9BCA809C-CA00-43DD-8B7D-EF5528B5A4E2}"
EndProject
Project("{FAE04EC0-301F-11D3-BF4B-00C04F79EFBC}") = "q2-chess-blackbox", "q2-chess-blackbox\q2-chess-blackbox.csproj", "{551617AF-64C2-4B07-8CB7-D130C836A17A}"
EndProject
Global
	GlobalSection(SolutionConfigurationPlatforms) = preSolution
		Debug|Any CPU = Debug|Any CPU
		Release|Any CPU = Release|Any CPU
	EndGlobalSection
	GlobalSection(ProjectConfigurationPlatforms) = postSolution
		{6792372B-3693-4CDE-A2F0-04BA6D33E2A3}.Debug|Any CPU.ActiveCfg = Debug|Any CPU
		{6792372B-3693-4CDE-A2F0-04BA6D33E2A3}.Debug|Any CPU.Build.0 = Debug|Any CPU
		{6792372B-3693-4CDE-A2F0-04BA6D33E2A3}.Release|Any CPU.ActiveCfg = Release|Any CPU
		{6792372B-3693-4CDE-A2F0-04BA6D33E2A3}.Release|Any CPU.Build.0 = Release|Any CPU
		{9BCA809C-CA00-43DD-8B7D-EF5528B5A4E2}.Debug|Any CPU.ActiveCfg = Debug|Any CPU
		{9BCA809C-CA00-43DD-8B7D-EF5528B5A4E2}.Debug|Any CPU.Build.0 = Debug|Any CPU
		{9BCA809C-CA00-43DD-8B7D-EF5528B5A4E2}.Release|Any CPU.ActiveCfg = Release|Any CPU
		{9BCA809C-CA00-43DD-8B7D-EF5528B5A4E2}.Release|Any CPU.Build.0 = Release|Any CPU
		{551617AF-64C2-4B07-8CB7-D130C836A17A}.Debug|Any CPU.ActiveCfg = Debug|Any CPU
		{551617AF-64C2-4B07-8CB7-D130C836A17A}.Debug|Any CPU.Build.0 = Debug|Any CPU
		{551617AF-64C2-4B07-8CB7-D130C836A17A}.Release|Any CPU.ActiveCfg = Release|Any CPU
		{551617AF-64C2-4B07-8CB7-D130C836A17A}.Release|Any CPU.Build.0 = Release|Any CPU
	EndGlobalSection
	GlobalSection(SolutionProperties) = preSolution
		HideSolutionNode = FALSE
	EndGlobalSection
	GlobalSection(ExtensibilityGlobals) = postSolution
		SolutionGuid = {3895C868-C1E2-4DF9-B340-38B39A3AEA7B}
	EndGlobalSection
EndGlobal
