
Microsoft Visual Studio Solution File, Format Version 12.00
# Visual Studio Version 17
VisualStudioVersion = 17.2.32519.379
MinimumVisualStudioVersion = 10.0.40219.1
Project("{FAE04EC0-301F-11D3-BF4B-00C04F79EFBC}") = "Exam4", "Exam4\Exam4.csproj", "{C8F6B2FF-ACC1-4C58-8314-431E724F6904}"
EndProject
Project("{FAE04EC0-301F-11D3-BF4B-00C04F79EFBC}") = "Taxi app", "Taxi app\Taxi app.csproj", "{422E7947-9F83-486F-908E-2D100E827BB7}"
EndProject
Project("{FAE04EC0-301F-11D3-BF4B-00C04F79EFBC}") = "Car insurance app", "Car insurance app\Car insurance app.csproj", "{5E9B55A7-94DA-474D-8D33-953715215A17}"
EndProject
Global
	GlobalSection(SolutionConfigurationPlatforms) = preSolution
		Debug|Any CPU = Debug|Any CPU
		Release|Any CPU = Release|Any CPU
	EndGlobalSection
	GlobalSection(ProjectConfigurationPlatforms) = postSolution
		{C8F6B2FF-ACC1-4C58-8314-431E724F6904}.Debug|Any CPU.ActiveCfg = Debug|Any CPU
		{C8F6B2FF-ACC1-4C58-8314-431E724F6904}.Debug|Any CPU.Build.0 = Debug|Any CPU
		{C8F6B2FF-ACC1-4C58-8314-431E724F6904}.Release|Any CPU.ActiveCfg = Release|Any CPU
		{C8F6B2FF-ACC1-4C58-8314-431E724F6904}.Release|Any CPU.Build.0 = Release|Any CPU
		{422E7947-9F83-486F-908E-2D100E827BB7}.Debug|Any CPU.ActiveCfg = Debug|Any CPU
		{422E7947-9F83-486F-908E-2D100E827BB7}.Debug|Any CPU.Build.0 = Debug|Any CPU
		{422E7947-9F83-486F-908E-2D100E827BB7}.Release|Any CPU.ActiveCfg = Release|Any CPU
		{422E7947-9F83-486F-908E-2D100E827BB7}.Release|Any CPU.Build.0 = Release|Any CPU
		{5E9B55A7-94DA-474D-8D33-953715215A17}.Debug|Any CPU.ActiveCfg = Debug|Any CPU
		{5E9B55A7-94DA-474D-8D33-953715215A17}.Debug|Any CPU.Build.0 = Debug|Any CPU
		{5E9B55A7-94DA-474D-8D33-953715215A17}.Release|Any CPU.ActiveCfg = Release|Any CPU
		{5E9B55A7-94DA-474D-8D33-953715215A17}.Release|Any CPU.Build.0 = Release|Any CPU
	EndGlobalSection
	GlobalSection(SolutionProperties) = preSolution
		HideSolutionNode = FALSE
	EndGlobalSection
	GlobalSection(ExtensibilityGlobals) = postSolution
		SolutionGuid = {30CB36DE-0727-4E3B-B410-740B2A2373AC}
	EndGlobalSection
EndGlobal
