
Microsoft Visual Studio Solution File, Format Version 12.00
# Visual Studio Version 17
VisualStudioVersion = 17.2.32519.379
MinimumVisualStudioVersion = 10.0.40219.1
Project("{FAE04EC0-301F-11D3-BF4B-00C04F79EFBC}") = "Quiz2", "Quiz2.csproj", "{715DEE07-0AA5-426C-A0A7-F55450CAF251}"
EndProject
Global
	GlobalSection(SolutionConfigurationPlatforms) = preSolution
		Debug|Any CPU = Debug|Any CPU
		Release|Any CPU = Release|Any CPU
	EndGlobalSection
	GlobalSection(ProjectConfigurationPlatforms) = postSolution
		{715DEE07-0AA5-426C-A0A7-F55450CAF251}.Debug|Any CPU.ActiveCfg = Debug|Any CPU
		{715DEE07-0AA5-426C-A0A7-F55450CAF251}.Debug|Any CPU.Build.0 = Debug|Any CPU
		{715DEE07-0AA5-426C-A0A7-F55450CAF251}.Release|Any CPU.ActiveCfg = Release|Any CPU
		{715DEE07-0AA5-426C-A0A7-F55450CAF251}.Release|Any CPU.Build.0 = Release|Any CPU
	EndGlobalSection
	GlobalSection(SolutionProperties) = preSolution
		HideSolutionNode = FALSE
	EndGlobalSection
	GlobalSection(ExtensibilityGlobals) = postSolution
		SolutionGuid = {36E4DF2B-04DF-483B-84E7-49152881FE47}
	EndGlobalSection
EndGlobal
