
Microsoft Visual Studio Solution File, Format Version 12.00
# Visual Studio Version 17
VisualStudioVersion = 17.2.32519.379
MinimumVisualStudioVersion = 10.0.40219.1
Project("{9A19103F-16F7-4668-BE54-9A1E7A4F7556}") = "Lab14", "Lab14\Lab14.csproj", "{897BB6BC-540D-4DF1-9019-967A4570DE1F}"
EndProject
Project("{9A19103F-16F7-4668-BE54-9A1E7A4F7556}") = "Lab14Q1", "Lab14Q1\Lab14Q1.csproj", "{13D15E6B-40D4-4DBD-9369-51C0A684D793}"
EndProject
Project("{9A19103F-16F7-4668-BE54-9A1E7A4F7556}") = "Lab14Q2", "Lab14Q2\Lab14Q2.csproj", "{BF164FB9-FE7B-47B2-A110-3E1E6E799D39}"
EndProject
Project("{9A19103F-16F7-4668-BE54-9A1E7A4F7556}") = "Lab14Q3", "Lab14Q3\Lab14Q3.csproj", "{9C71A1F9-83AB-4D5B-8466-9253BAAFE318}"
EndProject
Project("{9A19103F-16F7-4668-BE54-9A1E7A4F7556}") = "Practice CA4", "Practice CA4\Practice CA4.csproj", "{5B1E71FB-7671-4FDC-9D82-964D4C8CC391}"
EndProject
Project("{9A19103F-16F7-4668-BE54-9A1E7A4F7556}") = "Practice CA4 2", "Practice CA4 2\Practice CA4 2.csproj", "{836C1EF5-26AF-4190-90B1-C51FAC0EA0AB}"
EndProject
Project("{FAE04EC0-301F-11D3-BF4B-00C04F79EFBC}") = "Practice CA4 2018", "Practice CA4 2018\Practice CA4 2018.csproj", "{7F96D6F9-573A-4146-903F-369CB09C169E}"
EndProject
Project("{FAE04EC0-301F-11D3-BF4B-00C04F79EFBC}") = "Practice CA4 2018 2", "Practice CA4 2018 2\Practice CA4 2018 2.csproj", "{CFA9ECA2-3AD6-4257-AB55-44D7103E33A3}"
EndProject
Global
	GlobalSection(SolutionConfigurationPlatforms) = preSolution
		Debug|Any CPU = Debug|Any CPU
		Release|Any CPU = Release|Any CPU
	EndGlobalSection
	GlobalSection(ProjectConfigurationPlatforms) = postSolution
		{897BB6BC-540D-4DF1-9019-967A4570DE1F}.Debug|Any CPU.ActiveCfg = Debug|Any CPU
		{897BB6BC-540D-4DF1-9019-967A4570DE1F}.Debug|Any CPU.Build.0 = Debug|Any CPU
		{897BB6BC-540D-4DF1-9019-967A4570DE1F}.Release|Any CPU.ActiveCfg = Release|Any CPU
		{897BB6BC-540D-4DF1-9019-967A4570DE1F}.Release|Any CPU.Build.0 = Release|Any CPU
		{13D15E6B-40D4-4DBD-9369-51C0A684D793}.Debug|Any CPU.ActiveCfg = Debug|Any CPU
		{13D15E6B-40D4-4DBD-9369-51C0A684D793}.Debug|Any CPU.Build.0 = Debug|Any CPU
		{13D15E6B-40D4-4DBD-9369-51C0A684D793}.Release|Any CPU.ActiveCfg = Release|Any CPU
		{13D15E6B-40D4-4DBD-9369-51C0A684D793}.Release|Any CPU.Build.0 = Release|Any CPU
		{BF164FB9-FE7B-47B2-A110-3E1E6E799D39}.Debug|Any CPU.ActiveCfg = Debug|Any CPU
		{BF164FB9-FE7B-47B2-A110-3E1E6E799D39}.Debug|Any CPU.Build.0 = Debug|Any CPU
		{BF164FB9-FE7B-47B2-A110-3E1E6E799D39}.Release|Any CPU.ActiveCfg = Release|Any CPU
		{BF164FB9-FE7B-47B2-A110-3E1E6E799D39}.Release|Any CPU.Build.0 = Release|Any CPU
		{9C71A1F9-83AB-4D5B-8466-9253BAAFE318}.Debug|Any CPU.ActiveCfg = Debug|Any CPU
		{9C71A1F9-83AB-4D5B-8466-9253BAAFE318}.Debug|Any CPU.Build.0 = Debug|Any CPU
		{9C71A1F9-83AB-4D5B-8466-9253BAAFE318}.Release|Any CPU.ActiveCfg = Release|Any CPU
		{9C71A1F9-83AB-4D5B-8466-9253BAAFE318}.Release|Any CPU.Build.0 = Release|Any CPU
		{5B1E71FB-7671-4FDC-9D82-964D4C8CC391}.Debug|Any CPU.ActiveCfg = Debug|Any CPU
		{5B1E71FB-7671-4FDC-9D82-964D4C8CC391}.Debug|Any CPU.Build.0 = Debug|Any CPU
		{5B1E71FB-7671-4FDC-9D82-964D4C8CC391}.Release|Any CPU.ActiveCfg = Release|Any CPU
		{5B1E71FB-7671-4FDC-9D82-964D4C8CC391}.Release|Any CPU.Build.0 = Release|Any CPU
		{836C1EF5-26AF-4190-90B1-C51FAC0EA0AB}.Debug|Any CPU.ActiveCfg = Debug|Any CPU
		{836C1EF5-26AF-4190-90B1-C51FAC0EA0AB}.Debug|Any CPU.Build.0 = Debug|Any CPU
		{836C1EF5-26AF-4190-90B1-C51FAC0EA0AB}.Release|Any CPU.ActiveCfg = Release|Any CPU
		{836C1EF5-26AF-4190-90B1-C51FAC0EA0AB}.Release|Any CPU.Build.0 = Release|Any CPU
		{7F96D6F9-573A-4146-903F-369CB09C169E}.Debug|Any CPU.ActiveCfg = Debug|Any CPU
		{7F96D6F9-573A-4146-903F-369CB09C169E}.Debug|Any CPU.Build.0 = Debug|Any CPU
		{7F96D6F9-573A-4146-903F-369CB09C169E}.Release|Any CPU.ActiveCfg = Release|Any CPU
		{7F96D6F9-573A-4146-903F-369CB09C169E}.Release|Any CPU.Build.0 = Release|Any CPU
		{CFA9ECA2-3AD6-4257-AB55-44D7103E33A3}.Debug|Any CPU.ActiveCfg = Debug|Any CPU
		{CFA9ECA2-3AD6-4257-AB55-44D7103E33A3}.Debug|Any CPU.Build.0 = Debug|Any CPU
		{CFA9ECA2-3AD6-4257-AB55-44D7103E33A3}.Release|Any CPU.ActiveCfg = Release|Any CPU
		{CFA9ECA2-3AD6-4257-AB55-44D7103E33A3}.Release|Any CPU.Build.0 = Release|Any CPU
	EndGlobalSection
	GlobalSection(SolutionProperties) = preSolution
		HideSolutionNode = FALSE
	EndGlobalSection
	GlobalSection(ExtensibilityGlobals) = postSolution
		SolutionGuid = {1C9E78CF-5A52-4661-BF3D-B6876FF14755}
	EndGlobalSection
EndGlobal
